
Microsoft Visual Studio Solution File, Format Version 12.00
# Visual Studio Version 16
VisualStudioVersion = 16.0.29102.190
MinimumVisualStudioVersion = 10.0.40219.1
Project("{FAE04EC0-301F-11D3-BF4B-00C04F79EFBC}") = "ReplayRecorder", "ReplayRecorder\ReplayRecorder.csproj", "{E401A5CA-318B-43C6-9FF5-D35406366A5F}"
EndProject
Global
	GlobalSection(SolutionConfigurationPlatforms) = preSolution
		Debug|Any CPU = Debug|Any CPU
		Release|Any CPU = Release|Any CPU
	EndGlobalSection
	GlobalSection(ProjectConfigurationPlatforms) = postSolution
		{E401A5CA-318B-43C6-9FF5-D35406366A5F}.Debug|Any CPU.ActiveCfg = Debug|Any CPU
		{E401A5CA-318B-43C6-9FF5-D35406366A5F}.Debug|Any CPU.Build.0 = Debug|Any CPU
		{E401A5CA-318B-43C6-9FF5-D35406366A5F}.Release|Any CPU.ActiveCfg = Release|Any CPU
		{E401A5CA-318B-43C6-9FF5-D35406366A5F}.Release|Any CPU.Build.0 = Release|Any CPU
	EndGlobalSection
	GlobalSection(SolutionProperties) = preSolution
		HideSolutionNode = FALSE
	EndGlobalSection
	GlobalSection(ExtensibilityGlobals) = postSolution
		SolutionGuid = {45352D4A-467C-49C1-8455-C50C25659C82}
	EndGlobalSection
EndGlobal
